{
  "name": "vhdl-fsm-diagram",
  "version": "1.1.2",
  "lockfileVersion": 3,
  "requires": true,
  "packages": {
    "": {
      "name": "vhdl-fsm-diagram",
      "version": "1.1.2",
      "license": "MIT",
      "devDependencies": {
        "@types/node": "^20.0.0",
        "@types/vscode": "^1.85.0",
        "puppeteer": "^25.1.0",
        "tsx": "^4.7.0",
        "typescript": "^5.3.0"
      },
      "engines": {
        "vscode": "^1.85.0"
      }
    }
  }
}